{
    "version": 3,
    "terraform_version": "0.9.8",
    "serial": 16,
    "lineage": "530dd150-285b-474e-a26a-e00eff37ff2d",
    "modules": [
        {
            "path": [
                "root"
            ],
            "outputs": {},
            "resources": {
                "aws_eip.bastion_ip": {
                    "type": "aws_eip",
                    "depends_on": [
                        "aws_instance.bastion_host"
                    ],
                    "primary": {
                        "id": "eipalloc-832fa4b3",
                        "attributes": {
                            "association_id": "eipassoc-43bd6d71",
                            "domain": "vpc",
                            "id": "eipalloc-832fa4b3",
                            "instance": "i-03555b81f21b30a12",
                            "network_interface": "eni-caebdb67",
                            "private_ip": "172.31.23.213",
                            "public_ip": "34.226.89.60",
                            "vpc": "true"
                        },
                        "meta": {},
                        "tainted": false
                    },
                    "deposed": [],
                    "provider": ""
                },
                "aws_eip.private": {
                    "type": "aws_eip",
                    "depends_on": [],
                    "primary": {
                        "id": "eipalloc-cd3444fc",
                        "attributes": {
                            "association_id": "eipassoc-7b991c4b",
                            "domain": "vpc",
                            "id": "eipalloc-cd3444fc",
                            "instance": "",
                            "network_interface": "eni-c0f81037",
                            "private_ip": "172.31.17.178",
                            "public_ip": "52.44.38.113",
                            "vpc": "true"
                        },
                        "meta": {},
                        "tainted": false
                    },
                    "deposed": [],
                    "provider": "aws"
                },
                "aws_instance.bastion_host": {
                    "type": "aws_instance",
                    "depends_on": [
                        "aws_security_group.chop-bastion-default",
                        "aws_security_group.default",
                        "aws_subnet.public",
                        "data.aws_ami.default"
                    ],
                    "primary": {
                        "id": "i-03555b81f21b30a12",
                        "attributes": {
                            "ami": "ami-643b1972",
                            "associate_public_ip_address": "true",
                            "availability_zone": "us-east-1b",
                            "disable_api_termination": "false",
                            "ebs_block_device.#": "0",
                            "ebs_optimized": "false",
                            "ephemeral_block_device.#": "0",
                            "iam_instance_profile": "",
                            "id": "i-03555b81f21b30a12",
                            "instance_state": "running",
                            "instance_type": "t2.micro",
                            "ipv6_addresses.#": "0",
                            "key_name": "DBHiKey",
                            "monitoring": "false",
                            "network_interface.#": "0",
                            "network_interface_id": "eni-caebdb67",
                            "primary_network_interface_id": "eni-caebdb67",
                            "private_dns": "ip-172-31-23-213.ec2.internal",
                            "private_ip": "172.31.23.213",
                            "public_dns": "ec2-54-172-86-249.compute-1.amazonaws.com",
                            "public_ip": "54.172.86.249",
                            "root_block_device.#": "1",
                            "root_block_device.0.delete_on_termination": "true",
                            "root_block_device.0.iops": "100",
                            "root_block_device.0.volume_size": "8",
                            "root_block_device.0.volume_type": "gp2",
                            "security_groups.#": "0",
                            "source_dest_check": "true",
                            "subnet_id": "subnet-68659d45",
                            "tags.%": "2",
                            "tags.Name": "chop-consul-bastion",
                            "tags.Workgroup": "dbhi",
                            "tenancy": "default",
                            "volume_tags.%": "0",
                            "vpc_security_group_ids.#": "2",
                            "vpc_security_group_ids.3024294266": "sg-5f7caa2e",
                            "vpc_security_group_ids.85930637": "sg-9a78aeeb"
                        },
                        "meta": {
                            "e2bfb730-ecaa-11e6-8f88-34363bc7c4c0": {
                                "create": 600000000000,
                                "delete": 600000000000,
                                "update": 600000000000
                            },
                            "schema_version": "1"
                        },
                        "tainted": false
                    },
                    "deposed": [],
                    "provider": ""
                },
                "aws_internet_gateway.default": {
                    "type": "aws_internet_gateway",
                    "depends_on": [],
                    "primary": {
                        "id": "igw-0006ff67",
                        "attributes": {
                            "id": "igw-0006ff67",
                            "tags.%": "1",
                            "tags.Name": "Internet GW",
                            "vpc_id": "vpc-d89716bc"
                        },
                        "meta": {},
                        "tainted": false
                    },
                    "deposed": [],
                    "provider": "aws"
                },
                "aws_main_route_table_association.private": {
                    "type": "aws_main_route_table_association",
                    "depends_on": [],
                    "primary": {
                        "id": "rtbassoc-4c4f5f28",
                        "attributes": {
                            "id": "rtbassoc-4c4f5f28",
                            "route_table_id": "rtb-c8dfacac",
                            "vpc_id": "vpc-d89716bc"
                        },
                        "meta": {},
                        "tainted": false
                    },
                    "deposed": [],
                    "provider": "aws"
                },
                "aws_nat_gateway.private": {
                    "type": "aws_nat_gateway",
                    "depends_on": [],
                    "primary": {
                        "id": "nat-0fd10e8d04d53d50e",
                        "attributes": {
                            "allocation_id": "eipalloc-cd3444fc",
                            "id": "nat-0fd10e8d04d53d50e",
                            "network_interface_id": "eni-c0f81037",
                            "private_ip": "172.31.17.178",
                            "public_ip": "52.44.38.113",
                            "subnet_id": "subnet-68659d45"
                        },
                        "meta": {},
                        "tainted": false
                    },
                    "deposed": [],
                    "provider": "aws"
                },
                "aws_network_interface.private": {
                    "type": "aws_network_interface",
                    "depends_on": [],
                    "primary": {
                        "id": "eni-c0f81037",
                        "attributes": {
                            "attachment.#": "1",
                            "attachment.1280726886.attachment_id": "ela-attach-758d4f1d",
                            "attachment.1280726886.device_index": "1",
                            "attachment.1280726886.instance": "",
                            "description": "Interface for NAT Gateway nat-0fd10e8d04d53d50e",
                            "id": "eni-c0f81037",
                            "private_ip": "172.31.17.178",
                            "private_ips.#": "1",
                            "private_ips.1418165942": "172.31.17.178",
                            "security_groups.#": "0",
                            "source_dest_check": "false",
                            "subnet_id": "subnet-68659d45",
                            "tags.%": "0"
                        },
                        "meta": {},
                        "tainted": false
                    },
                    "deposed": [],
                    "provider": "aws"
                },
                "aws_route.private": {
                    "type": "aws_route",
                    "depends_on": [],
                    "primary": {
                        "id": "r-rtb-c8dfacac1080289494",
                        "attributes": {
                            "destination_cidr_block": "0.0.0.0/0",
                            "destination_ipv6_cidr_block": "",
                            "destination_prefix_list_id": "",
                            "egress_only_gateway_id": "",
                            "gateway_id": "",
                            "id": "r-rtb-c8dfacac1080289494",
                            "instance_id": "",
                            "instance_owner_id": "",
                            "nat_gateway_id": "nat-0fd10e8d04d53d50e",
                            "network_interface_id": "",
                            "origin": "CreateRoute",
                            "route_table_id": "rtb-c8dfacac",
                            "state": "active",
                            "vpc_peering_connection_id": ""
                        },
                        "meta": {},
                        "tainted": false
                    },
                    "deposed": [],
                    "provider": "aws"
                },
                "aws_route_table.private": {
                    "type": "aws_route_table",
                    "depends_on": [],
                    "primary": {
                        "id": "rtb-c8dfacac",
                        "attributes": {
                            "id": "rtb-c8dfacac",
                            "propagating_vgws.#": "0",
                            "route.#": "1",
                            "route.1116588154.cidr_block": "0.0.0.0/0",
                            "route.1116588154.egress_only_gateway_id": "",
                            "route.1116588154.gateway_id": "",
                            "route.1116588154.instance_id": "",
                            "route.1116588154.ipv6_cidr_block": "",
                            "route.1116588154.nat_gateway_id": "nat-0fd10e8d04d53d50e",
                            "route.1116588154.network_interface_id": "",
                            "route.1116588154.vpc_peering_connection_id": "",
                            "tags.%": "1",
                            "tags.Name": "Private",
                            "vpc_id": "vpc-d89716bc"
                        },
                        "meta": {},
                        "tainted": false
                    },
                    "deposed": [],
                    "provider": "aws"
                },
                "aws_security_group.chop-bastion-default": {
                    "type": "aws_security_group",
                    "depends_on": [],
                    "primary": {
                        "id": "sg-5f7caa2e",
                        "attributes": {
                            "description": "Default Bastion Security Group.",
                            "egress.#": "1",
                            "egress.482069346.cidr_blocks.#": "1",
                            "egress.482069346.cidr_blocks.0": "0.0.0.0/0",
                            "egress.482069346.from_port": "0",
                            "egress.482069346.ipv6_cidr_blocks.#": "0",
                            "egress.482069346.prefix_list_ids.#": "0",
                            "egress.482069346.protocol": "-1",
                            "egress.482069346.security_groups.#": "0",
                            "egress.482069346.self": "false",
                            "egress.482069346.to_port": "0",
                            "id": "sg-5f7caa2e",
                            "ingress.#": "1",
                            "ingress.1170323566.cidr_blocks.#": "1",
                            "ingress.1170323566.cidr_blocks.0": "159.14.0.0/16",
                            "ingress.1170323566.from_port": "22",
                            "ingress.1170323566.ipv6_cidr_blocks.#": "0",
                            "ingress.1170323566.protocol": "tcp",
                            "ingress.1170323566.security_groups.#": "0",
                            "ingress.1170323566.self": "false",
                            "ingress.1170323566.to_port": "22",
                            "name": "chop-bastion-default",
                            "owner_id": "508852077039",
                            "tags.%": "0",
                            "vpc_id": "vpc-d89716bc"
                        },
                        "meta": {},
                        "tainted": false
                    },
                    "deposed": [],
                    "provider": ""
                },
                "aws_security_group.default": {
                    "type": "aws_security_group",
                    "depends_on": [
                        "aws_vpc.sandbox_vpc"
                    ],
                    "primary": {
                        "id": "sg-9a78aeeb",
                        "attributes": {
                            "description": "Default security group that allows inbound and outbound traffic from all instances in the VPC",
                            "egress.#": "1",
                            "egress.482069346.cidr_blocks.#": "1",
                            "egress.482069346.cidr_blocks.0": "0.0.0.0/0",
                            "egress.482069346.from_port": "0",
                            "egress.482069346.ipv6_cidr_blocks.#": "0",
                            "egress.482069346.prefix_list_ids.#": "0",
                            "egress.482069346.protocol": "-1",
                            "egress.482069346.security_groups.#": "0",
                            "egress.482069346.self": "false",
                            "egress.482069346.to_port": "0",
                            "id": "sg-9a78aeeb",
                            "ingress.#": "1",
                            "ingress.753360330.cidr_blocks.#": "0",
                            "ingress.753360330.from_port": "0",
                            "ingress.753360330.ipv6_cidr_blocks.#": "0",
                            "ingress.753360330.protocol": "-1",
                            "ingress.753360330.security_groups.#": "0",
                            "ingress.753360330.self": "true",
                            "ingress.753360330.to_port": "0",
                            "name": "chop-vault-default",
                            "owner_id": "508852077039",
                            "tags.%": "3",
                            "tags.Name": "chop-vault-default",
                            "tags.Project": "vault",
                            "tags.Workgroup": "dbhi",
                            "vpc_id": "vpc-d89716bc"
                        },
                        "meta": {},
                        "tainted": false
                    },
                    "deposed": [],
                    "provider": ""
                },
                "aws_subnet.private": {
                    "type": "aws_subnet",
                    "depends_on": [],
                    "primary": {
                        "id": "subnet-5cebeb77",
                        "attributes": {
                            "assign_ipv6_address_on_creation": "false",
                            "availability_zone": "us-east-1b",
                            "cidr_block": "172.31.48.0/20",
                            "id": "subnet-5cebeb77",
                            "map_public_ip_on_launch": "false",
                            "tags.%": "1",
                            "tags.Name": "az2-Private",
                            "vpc_id": "vpc-d89716bc"
                        },
                        "meta": {
                            "schema_version": "1"
                        },
                        "tainted": false
                    },
                    "deposed": [],
                    "provider": "aws"
                },
                "aws_subnet.public": {
                    "type": "aws_subnet",
                    "depends_on": [],
                    "primary": {
                        "id": "subnet-68659d45",
                        "attributes": {
                            "assign_ipv6_address_on_creation": "false",
                            "availability_zone": "us-east-1b",
                            "cidr_block": "172.31.16.0/20",
                            "id": "subnet-68659d45",
                            "map_public_ip_on_launch": "true",
                            "tags.%": "1",
                            "tags.Name": "az2-Public",
                            "vpc_id": "vpc-d89716bc"
                        },
                        "meta": {
                            "schema_version": "1"
                        },
                        "tainted": false
                    },
                    "deposed": [],
                    "provider": "aws"
                },
                "aws_vpc.sandbox_vpc": {
                    "type": "aws_vpc",
                    "depends_on": [],
                    "primary": {
                        "id": "vpc-d89716bc",
                        "attributes": {
                            "assign_generated_ipv6_cidr_block": "false",
                            "cidr_block": "172.31.0.0/16",
                            "default_network_acl_id": "acl-899d13ed",
                            "default_route_table_id": "rtb-c8dfacac",
                            "default_security_group_id": "sg-de503bb8",
                            "dhcp_options_id": "dopt-9c63b6f9",
                            "enable_classiclink": "false",
                            "enable_dns_hostnames": "true",
                            "enable_dns_support": "true",
                            "id": "vpc-d89716bc",
                            "instance_tenancy": "default",
                            "main_route_table_id": "rtb-c8dfacac",
                            "tags.%": "1",
                            "tags.Name": "Sandbox"
                        },
                        "meta": {
                            "schema_version": "1"
                        },
                        "tainted": false
                    },
                    "deposed": [],
                    "provider": "aws"
                },
                "data.aws_ami.default": {
                    "type": "aws_ami",
                    "depends_on": [],
                    "primary": {
                        "id": "ami-643b1972",
                        "attributes": {
                            "architecture": "x86_64",
                            "block_device_mappings.#": "1",
                            "block_device_mappings.340275815.device_name": "/dev/xvda",
                            "block_device_mappings.340275815.ebs.%": "6",
                            "block_device_mappings.340275815.ebs.delete_on_termination": "true",
                            "block_device_mappings.340275815.ebs.encrypted": "false",
                            "block_device_mappings.340275815.ebs.iops": "0",
                            "block_device_mappings.340275815.ebs.snapshot_id": "snap-073f6727ec0ecc75b",
                            "block_device_mappings.340275815.ebs.volume_size": "8",
                            "block_device_mappings.340275815.ebs.volume_type": "gp2",
                            "block_device_mappings.340275815.no_device": "",
                            "block_device_mappings.340275815.virtual_name": "",
                            "creation_date": "2017-06-17T21:56:53.000Z",
                            "description": "Amazon Linux AMI 2017.03.1.20170617 x86_64 HVM GP2",
                            "filter.#": "1",
                            "filter.2740706237.name": "name",
                            "filter.2740706237.values.#": "1",
                            "filter.2740706237.values.0": "amzn-ami-hvm*x86_64-gp2",
                            "hypervisor": "xen",
                            "id": "ami-643b1972",
                            "image_id": "ami-643b1972",
                            "image_location": "amazon/amzn-ami-hvm-2017.03.1.20170617-x86_64-gp2",
                            "image_owner_alias": "amazon",
                            "image_type": "machine",
                            "most_recent": "true",
                            "name": "amzn-ami-hvm-2017.03.1.20170617-x86_64-gp2",
                            "owner_id": "137112412989",
                            "owners.#": "1",
                            "owners.0": "amazon",
                            "product_codes.#": "0",
                            "public": "true",
                            "root_device_name": "/dev/xvda",
                            "root_device_type": "ebs",
                            "sriov_net_support": "simple",
                            "state": "available",
                            "state_reason.%": "2",
                            "state_reason.code": "UNSET",
                            "state_reason.message": "UNSET",
                            "tags.#": "0",
                            "virtualization_type": "hvm"
                        },
                        "meta": {},
                        "tainted": false
                    },
                    "deposed": [],
                    "provider": ""
                }
            },
            "depends_on": []
        },
        {
            "path": [
                "root",
                "consul"
            ],
            "outputs": {
                "server_address": {
                    "sensitive": false,
                    "type": "string",
                    "value": ""
                }
            },
            "resources": {
                "aws_instance.server.0": {
                    "type": "aws_instance",
                    "depends_on": [
                        "aws_instance.bastion_host",
                        "aws_security_group.consul"
                    ],
                    "primary": {
                        "id": "i-00cdacd72bc0c0e6a",
                        "attributes": {
                            "ami": "ami-fce3c696",
                            "associate_public_ip_address": "false",
                            "availability_zone": "us-east-1b",
                            "disable_api_termination": "false",
                            "ebs_block_device.#": "0",
                            "ebs_optimized": "false",
                            "ephemeral_block_device.#": "0",
                            "iam_instance_profile": "",
                            "id": "i-00cdacd72bc0c0e6a",
                            "instance_state": "running",
                            "instance_type": "t2.micro",
                            "ipv6_addresses.#": "0",
                            "key_name": "DBHiKey",
                            "monitoring": "false",
                            "network_interface.#": "0",
                            "network_interface_id": "eni-0be8d8a6",
                            "primary_network_interface_id": "eni-0be8d8a6",
                            "private_dns": "ip-172-31-57-192.ec2.internal",
                            "private_ip": "172.31.57.192",
                            "public_dns": "",
                            "public_ip": "",
                            "root_block_device.#": "1",
                            "root_block_device.0.delete_on_termination": "true",
                            "root_block_device.0.iops": "100",
                            "root_block_device.0.volume_size": "8",
                            "root_block_device.0.volume_type": "gp2",
                            "security_groups.#": "1",
                            "security_groups.3694337380": "consul_ubuntu",
                            "source_dest_check": "true",
                            "subnet_id": "subnet-5cebeb77",
                            "tags.%": "2",
                            "tags.ConsulRole": "Server",
                            "tags.Name": "consul-0",
                            "tenancy": "default",
                            "volume_tags.%": "0",
                            "vpc_security_group_ids.#": "0"
                        },
                        "meta": {
                            "e2bfb730-ecaa-11e6-8f88-34363bc7c4c0": {
                                "create": 600000000000,
                                "delete": 600000000000,
                                "update": 600000000000
                            },
                            "schema_version": "1"
                        },
                        "tainted": true
                    },
                    "deposed": [],
                    "provider": ""
                },
                "aws_security_group.consul": {
                    "type": "aws_security_group",
                    "depends_on": [],
                    "primary": {
                        "id": "sg-857caaf4",
                        "attributes": {
                            "description": "Consul internal traffic + maintenance.",
                            "egress.#": "1",
                            "egress.482069346.cidr_blocks.#": "1",
                            "egress.482069346.cidr_blocks.0": "0.0.0.0/0",
                            "egress.482069346.from_port": "0",
                            "egress.482069346.ipv6_cidr_blocks.#": "0",
                            "egress.482069346.prefix_list_ids.#": "0",
                            "egress.482069346.protocol": "-1",
                            "egress.482069346.security_groups.#": "0",
                            "egress.482069346.self": "false",
                            "egress.482069346.to_port": "0",
                            "id": "sg-857caaf4",
                            "ingress.#": "3",
                            "ingress.2541437006.cidr_blocks.#": "1",
                            "ingress.2541437006.cidr_blocks.0": "0.0.0.0/0",
                            "ingress.2541437006.from_port": "22",
                            "ingress.2541437006.ipv6_cidr_blocks.#": "0",
                            "ingress.2541437006.protocol": "tcp",
                            "ingress.2541437006.security_groups.#": "0",
                            "ingress.2541437006.self": "false",
                            "ingress.2541437006.to_port": "22",
                            "ingress.3472572478.cidr_blocks.#": "0",
                            "ingress.3472572478.from_port": "0",
                            "ingress.3472572478.ipv6_cidr_blocks.#": "0",
                            "ingress.3472572478.protocol": "udp",
                            "ingress.3472572478.security_groups.#": "0",
                            "ingress.3472572478.self": "true",
                            "ingress.3472572478.to_port": "65535",
                            "ingress.3544538468.cidr_blocks.#": "0",
                            "ingress.3544538468.from_port": "0",
                            "ingress.3544538468.ipv6_cidr_blocks.#": "0",
                            "ingress.3544538468.protocol": "tcp",
                            "ingress.3544538468.security_groups.#": "0",
                            "ingress.3544538468.self": "true",
                            "ingress.3544538468.to_port": "65535",
                            "name": "consul_ubuntu",
                            "owner_id": "508852077039",
                            "tags.%": "0",
                            "vpc_id": "vpc-d89716bc"
                        },
                        "meta": {},
                        "tainted": false
                    },
                    "deposed": [],
                    "provider": ""
                }
            },
            "depends_on": []
        }
    ]
}
